
Microsoft Visual Studio Solution File, Format Version 12.00
# Visual Studio Version 17
VisualStudioVersion = 17.3.32901.215
MinimumVisualStudioVersion = 10.0.40219.1
Project("{9A19103F-16F7-4668-BE54-9A1E7A4F7556}") = "task_1", "task_1\task_1.csproj", "{52D3B90A-378F-4326-AD57-70DDF4EE12A9}"
EndProject
Project("{FAE04EC0-301F-11D3-BF4B-00C04F79EFBC}") = "task_2", "task_2\task_2.csproj", "{8746D2EB-6AB2-4771-A0A8-9E1983C7EF29}"
EndProject
Project("{FAE04EC0-301F-11D3-BF4B-00C04F79EFBC}") = "task_3", "task_3\task_3.csproj", "{2C37866F-ED17-45A7-A0CD-3ECEB1AD022E}"
EndProject
Global
	GlobalSection(SolutionConfigurationPlatforms) = preSolution
		Debug|Any CPU = Debug|Any CPU
		Release|Any CPU = Release|Any CPU
	EndGlobalSection
	GlobalSection(ProjectConfigurationPlatforms) = postSolution
		{52D3B90A-378F-4326-AD57-70DDF4EE12A9}.Debug|Any CPU.ActiveCfg = Debug|Any CPU
		{52D3B90A-378F-4326-AD57-70DDF4EE12A9}.Debug|Any CPU.Build.0 = Debug|Any CPU
		{52D3B90A-378F-4326-AD57-70DDF4EE12A9}.Release|Any CPU.ActiveCfg = Release|Any CPU
		{52D3B90A-378F-4326-AD57-70DDF4EE12A9}.Release|Any CPU.Build.0 = Release|Any CPU
		{8746D2EB-6AB2-4771-A0A8-9E1983C7EF29}.Debug|Any CPU.ActiveCfg = Debug|Any CPU
		{8746D2EB-6AB2-4771-A0A8-9E1983C7EF29}.Debug|Any CPU.Build.0 = Debug|Any CPU
		{8746D2EB-6AB2-4771-A0A8-9E1983C7EF29}.Release|Any CPU.ActiveCfg = Release|Any CPU
		{8746D2EB-6AB2-4771-A0A8-9E1983C7EF29}.Release|Any CPU.Build.0 = Release|Any CPU
		{2C37866F-ED17-45A7-A0CD-3ECEB1AD022E}.Debug|Any CPU.ActiveCfg = Debug|Any CPU
		{2C37866F-ED17-45A7-A0CD-3ECEB1AD022E}.Debug|Any CPU.Build.0 = Debug|Any CPU
		{2C37866F-ED17-45A7-A0CD-3ECEB1AD022E}.Release|Any CPU.ActiveCfg = Release|Any CPU
		{2C37866F-ED17-45A7-A0CD-3ECEB1AD022E}.Release|Any CPU.Build.0 = Release|Any CPU
	EndGlobalSection
	GlobalSection(SolutionProperties) = preSolution
		HideSolutionNode = FALSE
	EndGlobalSection
	GlobalSection(ExtensibilityGlobals) = postSolution
		SolutionGuid = {D5382A6A-7313-4E3C-BDB0-FCD911D1DED8}
	EndGlobalSection
EndGlobal
